{
  "name": "HMS-janani",
  "lockfileVersion": 3,
  "requires": true,
  "packages": {
    "": {
      "dependencies": {
        "react-to-print": "^2.14.15"
      }
    },
    "node_modules/react-to-print": {
      "version": "2.14.15",
      "resolved": "https://registry.npmjs.org/react-to-print/-/react-to-print-2.14.15.tgz",
      "integrity": "sha512-SKnwOzU2cJ8eaAkoJO7+gNhvfEDmm+Y34IdcHsjtHioUevUPhprqbVtvNJlZ2JkGJ8ExK2QNWM9pXECTDR5D8w==",
      "peerDependencies": {
        "react": "^15.0.0 || ^16.0.0 || ^17.0.0 || ^18.0.0",
        "react-dom": "^15.0.0 || ^16.0.0 || ^17.0.0 || ^18.0.0"
      }
    }
  }
}
